// !$*UTF8*$!
{
	archiveVersion = 1;
	classes = {
	};
	objectVersion = 46;
	objects = {

/* Begin PBXBuildFile section */
		2D224CD817F96EC800FC9B55 /* Foundation.framework in Frameworks */ = {isa = PBXBuildFile; fileRef = 2D224CD717F96EC800FC9B55 /* Foundation.framework */; };
		2D224CDA17F96EC800FC9B55 /* CoreGraphics.framework in Frameworks */ = {isa = PBXBuildFile; fileRef = 2D224CD917F96EC800FC9B55 /* CoreGraphics.framework */; };
		2D224CDC17F96EC800FC9B55 /* UIKit.framework in Frameworks */ = {isa = PBXBuildFile; fileRef = 2D224CDB17F96EC800FC9B55 /* UIKit.framework */; };
		2D224CE217F96EC800FC9B55 /* InfoPlist.strings in Resources */ = {isa = PBXBuildFile; fileRef = 2D224CE017F96EC800FC9B55 /* InfoPlist.strings */; };
		2D224CE417F96EC800FC9B55 /* main.m in Sources */ = {isa = PBXBuildFile; fileRef = 2D224CE317F96EC800FC9B55 /* main.m */; };
		2D224CE817F96EC800FC9B55 /* AppDelegate.m in Sources */ = {isa = PBXBuildFile; fileRef = 2D224CE717F96EC800FC9B55 /* AppDelegate.m */; };
		2D224CEA17F96EC800FC9B55 /* Images.xcassets in Resources */ = {isa = PBXBuildFile; fileRef = 2D224CE917F96EC800FC9B55 /* Images.xcassets */; };
		2D224CF117F96EC800FC9B55 /* XCTest.framework in Frameworks */ = {isa = PBXBuildFile; fileRef = 2D224CF017F96EC800FC9B55 /* XCTest.framework */; };
		2D224CF217F96EC800FC9B55 /* Foundation.framework in Frameworks */ = {isa = PBXBuildFile; fileRef = 2D224CD717F96EC800FC9B55 /* Foundation.framework */; };
		2D224CF317F96EC800FC9B55 /* UIKit.framework in Frameworks */ = {isa = PBXBuildFile; fileRef = 2D224CDB17F96EC800FC9B55 /* UIKit.framework */; };
		2D224CFB17F96EC800FC9B55 /* InfoPlist.strings in Resources */ = {isa = PBXBuildFile; fileRef = 2D224CF917F96EC800FC9B55 /* InfoPlist.strings */; };
		2D224CFD17F96EC800FC9B55 /* rubychinaTests.m in Sources */ = {isa = PBXBuildFile; fileRef = 2D224CFC17F96EC800FC9B55 /* rubychinaTests.m */; };
		2D224D2317F970E400FC9B55 /* AFHTTPClient.m in Sources */ = {isa = PBXBuildFile; fileRef = 2D224D1117F970E400FC9B55 /* AFHTTPClient.m */; };
		2D224D2417F970E400FC9B55 /* AFHTTPRequestOperation.m in Sources */ = {isa = PBXBuildFile; fileRef = 2D224D1317F970E400FC9B55 /* AFHTTPRequestOperation.m */; };
		2D224D2517F970E400FC9B55 /* AFImageRequestOperation.m in Sources */ = {isa = PBXBuildFile; fileRef = 2D224D1517F970E400FC9B55 /* AFImageRequestOperation.m */; };
		2D224D2617F970E400FC9B55 /* AFJSONRequestOperation.m in Sources */ = {isa = PBXBuildFile; fileRef = 2D224D1717F970E400FC9B55 /* AFJSONRequestOperation.m */; };
		2D224D2717F970E400FC9B55 /* AFNetworkActivityIndicatorManager.m in Sources */ = {isa = PBXBuildFile; fileRef = 2D224D1917F970E400FC9B55 /* AFNetworkActivityIndicatorManager.m */; };
		2D224D2817F970E400FC9B55 /* AFPropertyListRequestOperation.m in Sources */ = {isa = PBXBuildFile; fileRef = 2D224D1C17F970E400FC9B55 /* AFPropertyListRequestOperation.m */; };
		2D224D2917F970E400FC9B55 /* AFURLConnectionOperation.m in Sources */ = {isa = PBXBuildFile; fileRef = 2D224D1E17F970E400FC9B55 /* AFURLConnectionOperation.m */; };
		2D224D2A17F970E400FC9B55 /* AFXMLRequestOperation.m in Sources */ = {isa = PBXBuildFile; fileRef = 2D224D2017F970E400FC9B55 /* AFXMLRequestOperation.m */; };
		2D224D2B17F970E400FC9B55 /* UIImageView+AFNetworking.m in Sources */ = {isa = PBXBuildFile; fileRef = 2D224D2217F970E400FC9B55 /* UIImageView+AFNetworking.m */; };
		2D224D2E17F9714E00FC9B55 /* AFAppDotNetAPIClient.m in Sources */ = {isa = PBXBuildFile; fileRef = 2D224D2D17F9714E00FC9B55 /* AFAppDotNetAPIClient.m */; };
		2D224D3117F971A600FC9B55 /* UIViewExt.m in Sources */ = {isa = PBXBuildFile; fileRef = 2D224D3017F971A600FC9B55 /* UIViewExt.m */; };
		2D224D4A18065B6F00FC9B55 /* HomeViewController.m in Sources */ = {isa = PBXBuildFile; fileRef = 2D224D4818065B6F00FC9B55 /* HomeViewController.m */; };
		2D224D4B18065B6F00FC9B55 /* HomeViewController.xib in Resources */ = {isa = PBXBuildFile; fileRef = 2D224D4918065B6F00FC9B55 /* HomeViewController.xib */; };
		2D224D50180673F500FC9B55 /* TopicModel.m in Sources */ = {isa = PBXBuildFile; fileRef = 2D224D4F180673F500FC9B55 /* TopicModel.m */; };
		2D224D531806744F00FC9B55 /* UserModel.m in Sources */ = {isa = PBXBuildFile; fileRef = 2D224D521806744F00FC9B55 /* UserModel.m */; };
		2D224D56180681AF00FC9B55 /* TopicTableView.m in Sources */ = {isa = PBXBuildFile; fileRef = 2D224D55180681AF00FC9B55 /* TopicTableView.m */; };
		2D224D59180686F500FC9B55 /* TopicCell.m in Sources */ = {isa = PBXBuildFile; fileRef = 2D224D58180686F500FC9B55 /* TopicCell.m */; };
		2D224D5B1806873A00FC9B55 /* TopicCell.xib in Resources */ = {isa = PBXBuildFile; fileRef = 2D224D5A1806873A00FC9B55 /* TopicCell.xib */; };
		2D224D7A18068C8400FC9B55 /* MKAnnotationView+WebCache.m in Sources */ = {isa = PBXBuildFile; fileRef = 2D224D5E18068C8400FC9B55 /* MKAnnotationView+WebCache.m */; };
		2D224D7B18068C8400FC9B55 /* NSData+GIF.m in Sources */ = {isa = PBXBuildFile; fileRef = 2D224D6018068C8400FC9B55 /* NSData+GIF.m */; };
		2D224D7C18068C8400FC9B55 /* SDImageCache.m in Sources */ = {isa = PBXBuildFile; fileRef = 2D224D6218068C8400FC9B55 /* SDImageCache.m */; };
		2D224D7D18068C8400FC9B55 /* SDWebImageCompat.m in Sources */ = {isa = PBXBuildFile; fileRef = 2D224D6418068C8400FC9B55 /* SDWebImageCompat.m */; };
		2D224D7E18068C8400FC9B55 /* SDWebImageDecoder.m in Sources */ = {isa = PBXBuildFile; fileRef = 2D224D6618068C8400FC9B55 /* SDWebImageDecoder.m */; };
		2D224D7F18068C8400FC9B55 /* SDWebImageDownloader.m in Sources */ = {isa = PBXBuildFile; fileRef = 2D224D6818068C8400FC9B55 /* SDWebImageDownloader.m */; };
		2D224D8018068C8400FC9B55 /* SDWebImageDownloaderOperation.m in Sources */ = {isa = PBXBuildFile; fileRef = 2D224D6A18068C8400FC9B55 /* SDWebImageDownloaderOperation.m */; };
		2D224D8118068C8400FC9B55 /* SDWebImageManager.m in Sources */ = {isa = PBXBuildFile; fileRef = 2D224D6C18068C8400FC9B55 /* SDWebImageManager.m */; };
		2D224D8218068C8400FC9B55 /* SDWebImagePrefetcher.m in Sources */ = {isa = PBXBuildFile; fileRef = 2D224D6F18068C8400FC9B55 /* SDWebImagePrefetcher.m */; };
		2D224D8318068C8400FC9B55 /* UIButton+WebCache.m in Sources */ = {isa = PBXBuildFile; fileRef = 2D224D7118068C8400FC9B55 /* UIButton+WebCache.m */; };
		2D224D8418068C8400FC9B55 /* UIImage+GIF.m in Sources */ = {isa = PBXBuildFile; fileRef = 2D224D7318068C8400FC9B55 /* UIImage+GIF.m */; };
		2D224D8518068C8400FC9B55 /* UIImage+MultiFormat.m in Sources */ = {isa = PBXBuildFile; fileRef = 2D224D7518068C8400FC9B55 /* UIImage+MultiFormat.m */; };
		2D224D8618068C8400FC9B55 /* UIImage+WebP.m in Sources */ = {isa = PBXBuildFile; fileRef = 2D224D7718068C8400FC9B55 /* UIImage+WebP.m */; };
		2D224D8718068C8400FC9B55 /* UIImageView+WebCache.m in Sources */ = {isa = PBXBuildFile; fileRef = 2D224D7918068C8400FC9B55 /* UIImageView+WebCache.m */; };
		2D224D8C180690DD00FC9B55 /* TopicViewController.m in Sources */ = {isa = PBXBuildFile; fileRef = 2D224D8A180690DD00FC9B55 /* TopicViewController.m */; };
		2D224D8D180690DD00FC9B55 /* TopicViewController.xib in Resources */ = {isa = PBXBuildFile; fileRef = 2D224D8B180690DD00FC9B55 /* TopicViewController.xib */; };
		2D224D911806930100FC9B55 /* UIView+Additions.m in Sources */ = {isa = PBXBuildFile; fileRef = 2D224D901806930100FC9B55 /* UIView+Additions.m */; };
		2D224D941806E52300FC9B55 /* ReplyModel.m in Sources */ = {isa = PBXBuildFile; fileRef = 2D224D931806E52300FC9B55 /* ReplyModel.m */; };
		2D224D971806E80700FC9B55 /* TopicHeaderView.m in Sources */ = {isa = PBXBuildFile; fileRef = 2D224D961806E80700FC9B55 /* TopicHeaderView.m */; };
		2D224D991806E82100FC9B55 /* TopicHeaderView.xib in Resources */ = {isa = PBXBuildFile; fileRef = 2D224D981806E82100FC9B55 /* TopicHeaderView.xib */; };
		2D224D9C1807E01200FC9B55 /* ReplyTableView.m in Sources */ = {isa = PBXBuildFile; fileRef = 2D224D9B1807E01200FC9B55 /* ReplyTableView.m */; };
		2D224D9F1807E05A00FC9B55 /* ReplyCell.m in Sources */ = {isa = PBXBuildFile; fileRef = 2D224D9E1807E05A00FC9B55 /* ReplyCell.m */; };
		2D224DA11807E07000FC9B55 /* ReplyCell.xib in Resources */ = {isa = PBXBuildFile; fileRef = 2D224DA01807E07000FC9B55 /* ReplyCell.xib */; };
		2D224DA41807EFF000FC9B55 /* UIUtils.m in Sources */ = {isa = PBXBuildFile; fileRef = 2D224DA31807EFF000FC9B55 /* UIUtils.m */; };
		2D224DAB1809179700FC9B55 /* UIScrollView+SVInfiniteScrolling.m in Sources */ = {isa = PBXBuildFile; fileRef = 2D224DA81809179700FC9B55 /* UIScrollView+SVInfiniteScrolling.m */; };
		2D224DAC1809179700FC9B55 /* UIScrollView+SVPullToRefresh.m in Sources */ = {isa = PBXBuildFile; fileRef = 2D224DAA1809179700FC9B55 /* UIScrollView+SVPullToRefresh.m */; };
		2D224DAF180BC77000FC9B55 /* WXHLGlobalUICommon.m in Sources */ = {isa = PBXBuildFile; fileRef = 2D224DAE180BC77000FC9B55 /* WXHLGlobalUICommon.m */; };
		2D224DB2180BF30B00FC9B55 /* CommentView.m in Sources */ = {isa = PBXBuildFile; fileRef = 2D224DB1180BF30B00FC9B55 /* CommentView.m */; };
		2D224DB4180BF31D00FC9B55 /* CommentView.xib in Resources */ = {isa = PBXBuildFile; fileRef = 2D224DB3180BF31D00FC9B55 /* CommentView.xib */; };
		2D224DB8180C3F4C00FC9B55 /* SendViewController.m in Sources */ = {isa = PBXBuildFile; fileRef = 2D224DB6180C3F4C00FC9B55 /* SendViewController.m */; };
		2D224DB9180C3F4C00FC9B55 /* SendViewController.xib in Resources */ = {isa = PBXBuildFile; fileRef = 2D224DB7180C3F4C00FC9B55 /* SendViewController.xib */; };
		2D224DBD180C464E00FC9B55 /* NodeSelectViewController.m in Sources */ = {isa = PBXBuildFile; fileRef = 2D224DBB180C464E00FC9B55 /* NodeSelectViewController.m */; };
		2D224DBE180C464E00FC9B55 /* NodeSelectViewController.xib in Resources */ = {isa = PBXBuildFile; fileRef = 2D224DBC180C464E00FC9B55 /* NodeSelectViewController.xib */; };
		2D224DC1180CDA5B00FC9B55 /* NodeModel.m in Sources */ = {isa = PBXBuildFile; fileRef = 2D224DC0180CDA5B00FC9B55 /* NodeModel.m */; };
		2DD3D6DC180D3EBD001AE925 /* TPKeyboardAvoidingCollectionView.m in Sources */ = {isa = PBXBuildFile; fileRef = 2DD3D6D5180D3EBD001AE925 /* TPKeyboardAvoidingCollectionView.m */; };
		2DD3D6DD180D3EBD001AE925 /* TPKeyboardAvoidingScrollView.m in Sources */ = {isa = PBXBuildFile; fileRef = 2DD3D6D7180D3EBD001AE925 /* TPKeyboardAvoidingScrollView.m */; };
		2DD3D6DE180D3EBD001AE925 /* TPKeyboardAvoidingTableView.m in Sources */ = {isa = PBXBuildFile; fileRef = 2DD3D6D9180D3EBD001AE925 /* TPKeyboardAvoidingTableView.m */; };
		2DD3D6DF180D3EBD001AE925 /* UIScrollView+TPKeyboardAvoidingAdditions.m in Sources */ = {isa = PBXBuildFile; fileRef = 2DD3D6DB180D3EBD001AE925 /* UIScrollView+TPKeyboardAvoidingAdditions.m */; };
		2DD3D6E3180E39B7001AE925 /* BaseViewController.m in Sources */ = {isa = PBXBuildFile; fileRef = 2DD3D6E2180E39B7001AE925 /* BaseViewController.m */; };
		2DD3D6E7180E3AD7001AE925 /* MBProgressHUD.m in Sources */ = {isa = PBXBuildFile; fileRef = 2DD3D6E6180E3AD7001AE925 /* MBProgressHUD.m */; };
		2DD3D6E9180E3BD0001AE925 /* 37x-Checkmark.png in Resources */ = {isa = PBXBuildFile; fileRef = 2DD3D6E8180E3BD0001AE925 /* 37x-Checkmark.png */; };
		2DD3D6ED180E612B001AE925 /* InterfaceImageView.m in Sources */ = {isa = PBXBuildFile; fileRef = 2DD3D6EC180E612B001AE925 /* InterfaceImageView.m */; };
		2DD3D6F2180E6287001AE925 /* PersonViewController.m in Sources */ = {isa = PBXBuildFile; fileRef = 2DD3D6F0180E6287001AE925 /* PersonViewController.m */; };
		2DD3D6F3180E6287001AE925 /* PersonViewController.xib in Resources */ = {isa = PBXBuildFile; fileRef = 2DD3D6F1180E6287001AE925 /* PersonViewController.xib */; };
		2DD3D6F7180E7592001AE925 /* RTLabel.m in Sources */ = {isa = PBXBuildFile; fileRef = 2DD3D6F6180E7592001AE925 /* RTLabel.m */; };
		2DD3D6FA180E78D3001AE925 /* Icon-114.png in Resources */ = {isa = PBXBuildFile; fileRef = 2DD3D6F8180E78D3001AE925 /* Icon-114.png */; };
		2DD3D6FB180E78D3001AE925 /* Icon.png in Resources */ = {isa = PBXBuildFile; fileRef = 2DD3D6F9180E78D3001AE925 /* Icon.png */; };
/* End PBXBuildFile section */

/* Begin PBXContainerItemProxy section */
		2D224CF417F96EC800FC9B55 /* PBXContainerItemProxy */ = {
			isa = PBXContainerItemProxy;
			containerPortal = 2D224CCC17F96EC800FC9B55 /* Project object */;
			proxyType = 1;
			remoteGlobalIDString = 2D224CD317F96EC800FC9B55;
			remoteInfo = rubychina;
		};
/* End PBXContainerItemProxy section */

/* Begin PBXFileReference section */
		2D224CD417F96EC800FC9B55 /* rubychina.app */ = {isa = PBXFileReference; explicitFileType = wrapper.application; includeInIndex = 0; path = rubychina.app; sourceTree = BUILT_PRODUCTS_DIR; };
		2D224CD717F96EC800FC9B55 /* Foundation.framework */ = {isa = PBXFileReference; lastKnownFileType = wrapper.framework; name = Foundation.framework; path = System/Library/Frameworks/Foundation.framework; sourceTree = SDKROOT; };
		2D224CD917F96EC800FC9B55 /* CoreGraphics.framework */ = {isa = PBXFileReference; lastKnownFileType = wrapper.framework; name = CoreGraphics.framework; path = System/Library/Frameworks/CoreGraphics.framework; sourceTree = SDKROOT; };
		2D224CDB17F96EC800FC9B55 /* UIKit.framework */ = {isa = PBXFileReference; lastKnownFileType = wrapper.framework; name = UIKit.framework; path = System/Library/Frameworks/UIKit.framework; sourceTree = SDKROOT; };
		2D224CDF17F96EC800FC9B55 /* rubychina-Info.plist */ = {isa = PBXFileReference; lastKnownFileType = text.plist.xml; path = "rubychina-Info.plist"; sourceTree = "<group>"; };
		2D224CE117F96EC800FC9B55 /* en */ = {isa = PBXFileReference; lastKnownFileType = text.plist.strings; name = en; path = en.lproj/InfoPlist.strings; sourceTree = "<group>"; };
		2D224CE317F96EC800FC9B55 /* main.m */ = {isa = PBXFileReference; lastKnownFileType = sourcecode.c.objc; path = main.m; sourceTree = "<group>"; };
		2D224CE517F96EC800FC9B55 /* rubychina-Prefix.pch */ = {isa = PBXFileReference; lastKnownFileType = sourcecode.c.h; path = "rubychina-Prefix.pch"; sourceTree = "<group>"; };
		2D224CE617F96EC800FC9B55 /* AppDelegate.h */ = {isa = PBXFileReference; lastKnownFileType = sourcecode.c.h; path = AppDelegate.h; sourceTree = "<group>"; };
		2D224CE717F96EC800FC9B55 /* AppDelegate.m */ = {isa = PBXFileReference; lastKnownFileType = sourcecode.c.objc; path = AppDelegate.m; sourceTree = "<group>"; };
		2D224CE917F96EC800FC9B55 /* Images.xcassets */ = {isa = PBXFileReference; lastKnownFileType = folder.assetcatalog; path = Images.xcassets; sourceTree = "<group>"; };
		2D224CEF17F96EC800FC9B55 /* rubychinaTests.xctest */ = {isa = PBXFileReference; explicitFileType = wrapper.cfbundle; includeInIndex = 0; path = rubychinaTests.xctest; sourceTree = BUILT_PRODUCTS_DIR; };
		2D224CF017F96EC800FC9B55 /* XCTest.framework */ = {isa = PBXFileReference; lastKnownFileType = wrapper.framework; name = XCTest.framework; path = Library/Frameworks/XCTest.framework; sourceTree = DEVELOPER_DIR; };
		2D224CF817F96EC800FC9B55 /* rubychinaTests-Info.plist */ = {isa = PBXFileReference; lastKnownFileType = text.plist.xml; path = "rubychinaTests-Info.plist"; sourceTree = "<group>"; };
		2D224CFA17F96EC800FC9B55 /* en */ = {isa = PBXFileReference; lastKnownFileType = text.plist.strings; name = en; path = en.lproj/InfoPlist.strings; sourceTree = "<group>"; };
		2D224CFC17F96EC800FC9B55 /* rubychinaTests.m */ = {isa = PBXFileReference; lastKnownFileType = sourcecode.c.objc; path = rubychinaTests.m; sourceTree = "<group>"; };
		2D224D0B17F96F8800FC9B55 /* CONSTS.h */ = {isa = PBXFileReference; lastKnownFileType = sourcecode.c.h; path = CONSTS.h; sourceTree = "<group>"; };
		2D224D1017F970E400FC9B55 /* AFHTTPClient.h */ = {isa = PBXFileReference; fileEncoding = 4; lastKnownFileType = sourcecode.c.h; path = AFHTTPClient.h; sourceTree = "<group>"; };
		2D224D1117F970E400FC9B55 /* AFHTTPClient.m */ = {isa = PBXFileReference; fileEncoding = 4; lastKnownFileType = sourcecode.c.objc; path = AFHTTPClient.m; sourceTree = "<group>"; };
		2D224D1217F970E400FC9B55 /* AFHTTPRequestOperation.h */ = {isa = PBXFileReference; fileEncoding = 4; lastKnownFileType = sourcecode.c.h; path = AFHTTPRequestOperation.h; sourceTree = "<group>"; };
		2D224D1317F970E400FC9B55 /* AFHTTPRequestOperation.m */ = {isa = PBXFileReference; fileEncoding = 4; lastKnownFileType = sourcecode.c.objc; path = AFHTTPRequestOperation.m; sourceTree = "<group>"; };
		2D224D1417F970E400FC9B55 /* AFImageRequestOperation.h */ = {isa = PBXFileReference; fileEncoding = 4; lastKnownFileType = sourcecode.c.h; path = AFImageRequestOperation.h; sourceTree = "<group>"; };
		2D224D1517F970E400FC9B55 /* AFImageRequestOperation.m */ = {isa = PBXFileReference; fileEncoding = 4; lastKnownFileType = sourcecode.c.objc; path = AFImageRequestOperation.m; sourceTree = "<group>"; };
		2D224D1617F970E400FC9B55 /* AFJSONRequestOperation.h */ = {isa = PBXFileReference; fileEncoding = 4; lastKnownFileType = sourcecode.c.h; path = AFJSONRequestOperation.h; sourceTree = "<group>"; };
		2D224D1717F970E400FC9B55 /* AFJSONRequestOperation.m */ = {isa = PBXFileReference; fileEncoding = 4; lastKnownFileType = sourcecode.c.objc; path = AFJSONRequestOperation.m; sourceTree = "<group>"; };
		2D224D1817F970E400FC9B55 /* AFNetworkActivityIndicatorManager.h */ = {isa = PBXFileReference; fileEncoding = 4; lastKnownFileType = sourcecode.c.h; path = AFNetworkActivityIndicatorManager.h; sourceTree = "<group>"; };
		2D224D1917F970E400FC9B55 /* AFNetworkActivityIndicatorManager.m */ = {isa = PBXFileReference; fileEncoding = 4; lastKnownFileType = sourcecode.c.objc; path = AFNetworkActivityIndicatorManager.m; sourceTree = "<group>"; };
		2D224D1A17F970E400FC9B55 /* AFNetworking.h */ = {isa = PBXFileReference; fileEncoding = 4; lastKnownFileType = sourcecode.c.h; path = AFNetworking.h; sourceTree = "<group>"; };
		2D224D1B17F970E400FC9B55 /* AFPropertyListRequestOperation.h */ = {isa = PBXFileReference; fileEncoding = 4; lastKnownFileType = sourcecode.c.h; path = AFPropertyListRequestOperation.h; sourceTree = "<group>"; };
		2D224D1C17F970E400FC9B55 /* AFPropertyListRequestOperation.m */ = {isa = PBXFileReference; fileEncoding = 4; lastKnownFileType = sourcecode.c.objc; path = AFPropertyListRequestOperation.m; sourceTree = "<group>"; };
		2D224D1D17F970E400FC9B55 /* AFURLConnectionOperation.h */ = {isa = PBXFileReference; fileEncoding = 4; lastKnownFileType = sourcecode.c.h; path = AFURLConnectionOperation.h; sourceTree = "<group>"; };
		2D224D1E17F970E400FC9B55 /* AFURLConnectionOperation.m */ = {isa = PBXFileReference; fileEncoding = 4; lastKnownFileType = sourcecode.c.objc; path = AFURLConnectionOperation.m; sourceTree = "<group>"; };
		2D224D1F17F970E400FC9B55 /* AFXMLRequestOperation.h */ = {isa = PBXFileReference; fileEncoding = 4; lastKnownFileType = sourcecode.c.h; path = AFXMLRequestOperation.h; sourceTree = "<group>"; };
		2D224D2017F970E400FC9B55 /* AFXMLRequestOperation.m */ = {isa = PBXFileReference; fileEncoding = 4; lastKnownFileType = sourcecode.c.objc; path = AFXMLRequestOperation.m; sourceTree = "<group>"; };
		2D224D2117F970E400FC9B55 /* UIImageView+AFNetworking.h */ = {isa = PBXFileReference; fileEncoding = 4; lastKnownFileType = sourcecode.c.h; path = "UIImageView+AFNetworking.h"; sourceTree = "<group>"; };
		2D224D2217F970E400FC9B55 /* UIImageView+AFNetworking.m */ = {isa = PBXFileReference; fileEncoding = 4; lastKnownFileType = sourcecode.c.objc; path = "UIImageView+AFNetworking.m"; sourceTree = "<group>"; };
		2D224D2C17F9714E00FC9B55 /* AFAppDotNetAPIClient.h */ = {isa = PBXFileReference; fileEncoding = 4; lastKnownFileType = sourcecode.c.h; path = AFAppDotNetAPIClient.h; sourceTree = "<group>"; };
		2D224D2D17F9714E00FC9B55 /* AFAppDotNetAPIClient.m */ = {isa = PBXFileReference; fileEncoding = 4; lastKnownFileType = sourcecode.c.objc; path = AFAppDotNetAPIClient.m; sourceTree = "<group>"; };
		2D224D2F17F971A600FC9B55 /* UIViewExt.h */ = {isa = PBXFileReference; fileEncoding = 4; lastKnownFileType = sourcecode.c.h; path = UIViewExt.h; sourceTree = "<group>"; };
		2D224D3017F971A600FC9B55 /* UIViewExt.m */ = {isa = PBXFileReference; fileEncoding = 4; lastKnownFileType = sourcecode.c.objc; path = UIViewExt.m; sourceTree = "<group>"; };
		2D224D4718065B6F00FC9B55 /* HomeViewController.h */ = {isa = PBXFileReference; fileEncoding = 4; lastKnownFileType = sourcecode.c.h; path = HomeViewController.h; sourceTree = "<group>"; };
		2D224D4818065B6F00FC9B55 /* HomeViewController.m */ = {isa = PBXFileReference; fileEncoding = 4; lastKnownFileType = sourcecode.c.objc; path = HomeViewController.m; sourceTree = "<group>"; };
		2D224D4918065B6F00FC9B55 /* HomeViewController.xib */ = {isa = PBXFileReference; fileEncoding = 4; lastKnownFileType = file.xib; path = HomeViewController.xib; sourceTree = "<group>"; };
		2D224D4E180673F500FC9B55 /* TopicModel.h */ = {isa = PBXFileReference; fileEncoding = 4; lastKnownFileType = sourcecode.c.h; path = TopicModel.h; sourceTree = "<group>"; };
		2D224D4F180673F500FC9B55 /* TopicModel.m */ = {isa = PBXFileReference; fileEncoding = 4; lastKnownFileType = sourcecode.c.objc; path = TopicModel.m; sourceTree = "<group>"; };
		2D224D511806744F00FC9B55 /* UserModel.h */ = {isa = PBXFileReference; fileEncoding = 4; lastKnownFileType = sourcecode.c.h; path = UserModel.h; sourceTree = "<group>"; };
		2D224D521806744F00FC9B55 /* UserModel.m */ = {isa = PBXFileReference; fileEncoding = 4; lastKnownFileType = sourcecode.c.objc; path = UserModel.m; sourceTree = "<group>"; };
		2D224D54180681AF00FC9B55 /* TopicTableView.h */ = {isa = PBXFileReference; fileEncoding = 4; lastKnownFileType = sourcecode.c.h; path = TopicTableView.h; sourceTree = "<group>"; };
		2D224D55180681AF00FC9B55 /* TopicTableView.m */ = {isa = PBXFileReference; fileEncoding = 4; lastKnownFileType = sourcecode.c.objc; path = TopicTableView.m; sourceTree = "<group>"; };
		2D224D57180686F500FC9B55 /* TopicCell.h */ = {isa = PBXFileReference; fileEncoding = 4; lastKnownFileType = sourcecode.c.h; path = TopicCell.h; sourceTree = "<group>"; };
		2D224D58180686F500FC9B55 /* TopicCell.m */ = {isa = PBXFileReference; fileEncoding = 4; lastKnownFileType = sourcecode.c.objc; path = TopicCell.m; sourceTree = "<group>"; };
		2D224D5A1806873A00FC9B55 /* TopicCell.xib */ = {isa = PBXFileReference; fileEncoding = 4; lastKnownFileType = file.xib; path = TopicCell.xib; sourceTree = "<group>"; };
		2D224D5D18068C8400FC9B55 /* MKAnnotationView+WebCache.h */ = {isa = PBXFileReference; fileEncoding = 4; lastKnownFileType = sourcecode.c.h; path = "MKAnnotationView+WebCache.h"; sourceTree = "<group>"; };
		2D224D5E18068C8400FC9B55 /* MKAnnotationView+WebCache.m */ = {isa = PBXFileReference; fileEncoding = 4; lastKnownFileType = sourcecode.c.objc; path = "MKAnnotationView+WebCache.m"; sourceTree = "<group>"; };
		2D224D5F18068C8400FC9B55 /* NSData+GIF.h */ = {isa = PBXFileReference; fileEncoding = 4; lastKnownFileType = sourcecode.c.h; path = "NSData+GIF.h"; sourceTree = "<group>"; };
		2D224D6018068C8400FC9B55 /* NSData+GIF.m */ = {isa = PBXFileReference; fileEncoding = 4; lastKnownFileType = sourcecode.c.objc; path = "NSData+GIF.m"; sourceTree = "<group>"; };
		2D224D6118068C8400FC9B55 /* SDImageCache.h */ = {isa = PBXFileReference; fileEncoding = 4; lastKnownFileType = sourcecode.c.h; path = SDImageCache.h; sourceTree = "<group>"; };
		2D224D6218068C8400FC9B55 /* SDImageCache.m */ = {isa = PBXFileReference; fileEncoding = 4; lastKnownFileType = sourcecode.c.objc; path = SDImageCache.m; sourceTree = "<group>"; };
		2D224D6318068C8400FC9B55 /* SDWebImageCompat.h */ = {isa = PBXFileReference; fileEncoding = 4; lastKnownFileType = sourcecode.c.h; path = SDWebImageCompat.h; sourceTree = "<group>"; };
		2D224D6418068C8400FC9B55 /* SDWebImageCompat.m */ = {isa = PBXFileReference; fileEncoding = 4; lastKnownFileType = sourcecode.c.objc; path = SDWebImageCompat.m; sourceTree = "<group>"; };
		2D224D6518068C8400FC9B55 /* SDWebImageDecoder.h */ = {isa = PBXFileReference; fileEncoding = 4; lastKnownFileType = sourcecode.c.h; path = SDWebImageDecoder.h; sourceTree = "<group>"; };
		2D224D6618068C8400FC9B55 /* SDWebImageDecoder.m */ = {isa = PBXFileReference; fileEncoding = 4; lastKnownFileType = sourcecode.c.objc; path = SDWebImageDecoder.m; sourceTree = "<group>"; };
		2D224D6718068C8400FC9B55 /* SDWebImageDownloader.h */ = {isa = PBXFileReference; fileEncoding = 4; lastKnownFileType = sourcecode.c.h; path = SDWebImageDownloader.h; sourceTree = "<group>"; };
		2D224D6818068C8400FC9B55 /* SDWebImageDownloader.m */ = {isa = PBXFileReference; fileEncoding = 4; lastKnownFileType = sourcecode.c.objc; path = SDWebImageDownloader.m; sourceTree = "<group>"; };
		2D224D6918068C8400FC9B55 /* SDWebImageDownloaderOperation.h */ = {isa = PBXFileReference; fileEncoding = 4; lastKnownFileType = sourcecode.c.h; path = SDWebImageDownloaderOperation.h; sourceTree = "<group>"; };
		2D224D6A18068C8400FC9B55 /* SDWebImageDownloaderOperation.m */ = {isa = PBXFileReference; fileEncoding = 4; lastKnownFileType = sourcecode.c.objc; path = SDWebImageDownloaderOperation.m; sourceTree = "<group>"; };
		2D224D6B18068C8400FC9B55 /* SDWebImageManager.h */ = {isa = PBXFileReference; fileEncoding = 4; lastKnownFileType = sourcecode.c.h; path = SDWebImageManager.h; sourceTree = "<group>"; };
		2D224D6C18068C8400FC9B55 /* SDWebImageManager.m */ = {isa = PBXFileReference; fileEncoding = 4; lastKnownFileType = sourcecode.c.objc; path = SDWebImageManager.m; sourceTree = "<group>"; };
		2D224D6D18068C8400FC9B55 /* SDWebImageOperation.h */ = {isa = PBXFileReference; fileEncoding = 4; lastKnownFileType = sourcecode.c.h; path = SDWebImageOperation.h; sourceTree = "<group>"; };
		2D224D6E18068C8400FC9B55 /* SDWebImagePrefetcher.h */ = {isa = PBXFileReference; fileEncoding = 4; lastKnownFileType = sourcecode.c.h; path = SDWebImagePrefetcher.h; sourceTree = "<group>"; };
		2D224D6F18068C8400FC9B55 /* SDWebImagePrefetcher.m */ = {isa = PBXFileReference; fileEncoding = 4; lastKnownFileType = sourcecode.c.objc; path = SDWebImagePrefetcher.m; sourceTree = "<group>"; };
		2D224D7018068C8400FC9B55 /* UIButton+WebCache.h */ = {isa = PBXFileReference; fileEncoding = 4; lastKnownFileType = sourcecode.c.h; path = "UIButton+WebCache.h"; sourceTree = "<group>"; };
		2D224D7118068C8400FC9B55 /* UIButton+WebCache.m */ = {isa = PBXFileReference; fileEncoding = 4; lastKnownFileType = sourcecode.c.objc; path = "UIButton+WebCache.m"; sourceTree = "<group>"; };
		2D224D7218068C8400FC9B55 /* UIImage+GIF.h */ = {isa = PBXFileReference; fileEncoding = 4; lastKnownFileType = sourcecode.c.h; path = "UIImage+GIF.h"; sourceTree = "<group>"; };
		2D224D7318068C8400FC9B55 /* UIImage+GIF.m */ = {isa = PBXFileReference; fileEncoding = 4; lastKnownFileType = sourcecode.c.objc; path = "UIImage+GIF.m"; sourceTree = "<group>"; };
		2D224D7418068C8400FC9B55 /* UIImage+MultiFormat.h */ = {isa = PBXFileReference; fileEncoding = 4; lastKnownFileType = sourcecode.c.h; path = "UIImage+MultiFormat.h"; sourceTree = "<group>"; };
		2D224D7518068C8400FC9B55 /* UIImage+MultiFormat.m */ = {isa = PBXFileReference; fileEncoding = 4; lastKnownFileType = sourcecode.c.objc; path = "UIImage+MultiFormat.m"; sourceTree = "<group>"; };
		2D224D7618068C8400FC9B55 /* UIImage+WebP.h */ = {isa = PBXFileReference; fileEncoding = 4; lastKnownFileType = sourcecode.c.h; path = "UIImage+WebP.h"; sourceTree = "<group>"; };
		2D224D7718068C8400FC9B55 /* UIImage+WebP.m */ = {isa = PBXFileReference; fileEncoding = 4; lastKnownFileType = sourcecode.c.objc; path = "UIImage+WebP.m"; sourceTree = "<group>"; };
		2D224D7818068C8400FC9B55 /* UIImageView+WebCache.h */ = {isa = PBXFileReference; fileEncoding = 4; lastKnownFileType = sourcecode.c.h; path = "UIImageView+WebCache.h"; sourceTree = "<group>"; };
		2D224D7918068C8400FC9B55 /* UIImageView+WebCache.m */ = {isa = PBXFileReference; fileEncoding = 4; lastKnownFileType = sourcecode.c.objc; path = "UIImageView+WebCache.m"; sourceTree = "<group>"; };
		2D224D89180690DD00FC9B55 /* TopicViewController.h */ = {isa = PBXFileReference; fileEncoding = 4; lastKnownFileType = sourcecode.c.h; path = TopicViewController.h; sourceTree = "<group>"; };
		2D224D8A180690DD00FC9B55 /* TopicViewController.m */ = {isa = PBXFileReference; fileEncoding = 4; lastKnownFileType = sourcecode.c.objc; path = TopicViewController.m; sourceTree = "<group>"; };
		2D224D8B180690DD00FC9B55 /* TopicViewController.xib */ = {isa = PBXFileReference; fileEncoding = 4; lastKnownFileType = file.xib; path = TopicViewController.xib; sourceTree = "<group>"; };
		2D224D8F1806930100FC9B55 /* UIView+Additions.h */ = {isa = PBXFileReference; fileEncoding = 4; lastKnownFileType = sourcecode.c.h; path = "UIView+Additions.h"; sourceTree = "<group>"; };
		2D224D901806930100FC9B55 /* UIView+Additions.m */ = {isa = PBXFileReference; fileEncoding = 4; lastKnownFileType = sourcecode.c.objc; path = "UIView+Additions.m"; sourceTree = "<group>"; };
		2D224D921806E52300FC9B55 /* ReplyModel.h */ = {isa = PBXFileReference; fileEncoding = 4; lastKnownFileType = sourcecode.c.h; path = ReplyModel.h; sourceTree = "<group>"; };
		2D224D931806E52300FC9B55 /* ReplyModel.m */ = {isa = PBXFileReference; fileEncoding = 4; lastKnownFileType = sourcecode.c.objc; path = ReplyModel.m; sourceTree = "<group>"; };
		2D224D951806E80700FC9B55 /* TopicHeaderView.h */ = {isa = PBXFileReference; fileEncoding = 4; lastKnownFileType = sourcecode.c.h; path = TopicHeaderView.h; sourceTree = "<group>"; };
		2D224D961806E80700FC9B55 /* TopicHeaderView.m */ = {isa = PBXFileReference; fileEncoding = 4; lastKnownFileType = sourcecode.c.objc; path = TopicHeaderView.m; sourceTree = "<group>"; };
		2D224D981806E82100FC9B55 /* TopicHeaderView.xib */ = {isa = PBXFileReference; fileEncoding = 4; lastKnownFileType = file.xib; path = TopicHeaderView.xib; sourceTree = "<group>"; };
		2D224D9A1807E01200FC9B55 /* ReplyTableView.h */ = {isa = PBXFileReference; fileEncoding = 4; lastKnownFileType = sourcecode.c.h; path = ReplyTableView.h; sourceTree = "<group>"; };
		2D224D9B1807E01200FC9B55 /* ReplyTableView.m */ = {isa = PBXFileReference; fileEncoding = 4; lastKnownFileType = sourcecode.c.objc; path = ReplyTableView.m; sourceTree = "<group>"; };
		2D224D9D1807E05A00FC9B55 /* ReplyCell.h */ = {isa = PBXFileReference; fileEncoding = 4; lastKnownFileType = sourcecode.c.h; path = ReplyCell.h; sourceTree = "<group>"; };
		2D224D9E1807E05A00FC9B55 /* ReplyCell.m */ = {isa = PBXFileReference; fileEncoding = 4; lastKnownFileType = sourcecode.c.objc; path = ReplyCell.m; sourceTree = "<group>"; };
		2D224DA01807E07000FC9B55 /* ReplyCell.xib */ = {isa = PBXFileReference; fileEncoding = 4; lastKnownFileType = file.xib; path = ReplyCell.xib; sourceTree = "<group>"; };
		2D224DA21807EFF000FC9B55 /* UIUtils.h */ = {isa = PBXFileReference; fileEncoding = 4; lastKnownFileType = sourcecode.c.h; path = UIUtils.h; sourceTree = "<group>"; };
		2D224DA31807EFF000FC9B55 /* UIUtils.m */ = {isa = PBXFileReference; fileEncoding = 4; lastKnownFileType = sourcecode.c.objc; path = UIUtils.m; sourceTree = "<group>"; };
		2D224DA61809179700FC9B55 /* SVPullToRefresh.h */ = {isa = PBXFileReference; fileEncoding = 4; lastKnownFileType = sourcecode.c.h; path = SVPullToRefresh.h; sourceTree = "<group>"; };
		2D224DA71809179700FC9B55 /* UIScrollView+SVInfiniteScrolling.h */ = {isa = PBXFileReference; fileEncoding = 4; lastKnownFileType = sourcecode.c.h; path = "UIScrollView+SVInfiniteScrolling.h"; sourceTree = "<group>"; };
		2D224DA81809179700FC9B55 /* UIScrollView+SVInfiniteScrolling.m */ = {isa = PBXFileReference; fileEncoding = 4; lastKnownFileType = sourcecode.c.objc; path = "UIScrollView+SVInfiniteScrolling.m"; sourceTree = "<group>"; };
		2D224DA91809179700FC9B55 /* UIScrollView+SVPullToRefresh.h */ = {isa = PBXFileReference; fileEncoding = 4; lastKnownFileType = sourcecode.c.h; path = "UIScrollView+SVPullToRefresh.h"; sourceTree = "<group>"; };
		2D224DAA1809179700FC9B55 /* UIScrollView+SVPullToRefresh.m */ = {isa = PBXFileReference; fileEncoding = 4; lastKnownFileType = sourcecode.c.objc; path = "UIScrollView+SVPullToRefresh.m"; sourceTree = "<group>"; };
		2D224DAD180BC77000FC9B55 /* WXHLGlobalUICommon.h */ = {isa = PBXFileReference; fileEncoding = 4; lastKnownFileType = sourcecode.c.h; path = WXHLGlobalUICommon.h; sourceTree = "<group>"; };
		2D224DAE180BC77000FC9B55 /* WXHLGlobalUICommon.m */ = {isa = PBXFileReference; fileEncoding = 4; lastKnownFileType = sourcecode.c.objc; path = WXHLGlobalUICommon.m; sourceTree = "<group>"; };
		2D224DB0180BF30B00FC9B55 /* CommentView.h */ = {isa = PBXFileReference; fileEncoding = 4; lastKnownFileType = sourcecode.c.h; path = CommentView.h; sourceTree = "<group>"; };
		2D224DB1180BF30B00FC9B55 /* CommentView.m */ = {isa = PBXFileReference; fileEncoding = 4; lastKnownFileType = sourcecode.c.objc; path = CommentView.m; sourceTree = "<group>"; };
		2D224DB3180BF31D00FC9B55 /* CommentView.xib */ = {isa = PBXFileReference; fileEncoding = 4; lastKnownFileType = file.xib; path = CommentView.xib; sourceTree = "<group>"; };
		2D224DB5180C3F4C00FC9B55 /* SendViewController.h */ = {isa = PBXFileReference; fileEncoding = 4; lastKnownFileType = sourcecode.c.h; path = SendViewController.h; sourceTree = "<group>"; };
		2D224DB6180C3F4C00FC9B55 /* SendViewController.m */ = {isa = PBXFileReference; fileEncoding = 4; lastKnownFileType = sourcecode.c.objc; path = SendViewController.m; sourceTree = "<group>"; };
		2D224DB7180C3F4C00FC9B55 /* SendViewController.xib */ = {isa = PBXFileReference; fileEncoding = 4; lastKnownFileType = file.xib; path = SendViewController.xib; sourceTree = "<group>"; };
		2D224DBA180C464E00FC9B55 /* NodeSelectViewController.h */ = {isa = PBXFileReference; fileEncoding = 4; lastKnownFileType = sourcecode.c.h; path = NodeSelectViewController.h; sourceTree = "<group>"; };
		2D224DBB180C464E00FC9B55 /* NodeSelectViewController.m */ = {isa = PBXFileReference; fileEncoding = 4; lastKnownFileType = sourcecode.c.objc; path = NodeSelectViewController.m; sourceTree = "<group>"; };
		2D224DBC180C464E00FC9B55 /* NodeSelectViewController.xib */ = {isa = PBXFileReference; fileEncoding = 4; lastKnownFileType = file.xib; path = NodeSelectViewController.xib; sourceTree = "<group>"; };
		2D224DBF180CDA5B00FC9B55 /* NodeModel.h */ = {isa = PBXFileReference; fileEncoding = 4; lastKnownFileType = sourcecode.c.h; path = NodeModel.h; sourceTree = "<group>"; };
		2D224DC0180CDA5B00FC9B55 /* NodeModel.m */ = {isa = PBXFileReference; fileEncoding = 4; lastKnownFileType = sourcecode.c.objc; path = NodeModel.m; sourceTree = "<group>"; };
		2DD3D6D4180D3EBD001AE925 /* TPKeyboardAvoidingCollectionView.h */ = {isa = PBXFileReference; fileEncoding = 4; lastKnownFileType = sourcecode.c.h; path = TPKeyboardAvoidingCollectionView.h; sourceTree = "<group>"; };
		2DD3D6D5180D3EBD001AE925 /* TPKeyboardAvoidingCollectionView.m */ = {isa = PBXFileReference; fileEncoding = 4; lastKnownFileType = sourcecode.c.objc; path = TPKeyboardAvoidingCollectionView.m; sourceTree = "<group>"; };
		2DD3D6D6180D3EBD001AE925 /* TPKeyboardAvoidingScrollView.h */ = {isa = PBXFileReference; fileEncoding = 4; lastKnownFileType = sourcecode.c.h; path = TPKeyboardAvoidingScrollView.h; sourceTree = "<group>"; };
		2DD3D6D7180D3EBD001AE925 /* TPKeyboardAvoidingScrollView.m */ = {isa = PBXFileReference; fileEncoding = 4; lastKnownFileType = sourcecode.c.objc; path = TPKeyboardAvoidingScrollView.m; sourceTree = "<group>"; };
		2DD3D6D8180D3EBD001AE925 /* TPKeyboardAvoidingTableView.h */ = {isa = PBXFileReference; fileEncoding = 4; lastKnownFileType = sourcecode.c.h; path = TPKeyboardAvoidingTableView.h; sourceTree = "<group>"; };
		2DD3D6D9180D3EBD001AE925 /* TPKeyboardAvoidingTableView.m */ = {isa = PBXFileReference; fileEncoding = 4; lastKnownFileType = sourcecode.c.objc; path = TPKeyboardAvoidingTableView.m; sourceTree = "<group>"; };
		2DD3D6DA180D3EBD001AE925 /* UIScrollView+TPKeyboardAvoidingAdditions.h */ = {isa = PBXFileReference; fileEncoding = 4; lastKnownFileType = sourcecode.c.h; path = "UIScrollView+TPKeyboardAvoidingAdditions.h"; sourceTree = "<group>"; };
		2DD3D6DB180D3EBD001AE925 /* UIScrollView+TPKeyboardAvoidingAdditions.m */ = {isa = PBXFileReference; fileEncoding = 4; lastKnownFileType = sourcecode.c.objc; path = "UIScrollView+TPKeyboardAvoidingAdditions.m"; sourceTree = "<group>"; };
		2DD3D6E1180E39B7001AE925 /* BaseViewController.h */ = {isa = PBXFileReference; fileEncoding = 4; lastKnownFileType = sourcecode.c.h; path = BaseViewController.h; sourceTree = "<group>"; };
		2DD3D6E2180E39B7001AE925 /* BaseViewController.m */ = {isa = PBXFileReference; fileEncoding = 4; lastKnownFileType = sourcecode.c.objc; path = BaseViewController.m; sourceTree = "<group>"; };
		2DD3D6E5180E3AD7001AE925 /* MBProgressHUD.h */ = {isa = PBXFileReference; fileEncoding = 4; lastKnownFileType = sourcecode.c.h; path = MBProgressHUD.h; sourceTree = "<group>"; };
		2DD3D6E6180E3AD7001AE925 /* MBProgressHUD.m */ = {isa = PBXFileReference; fileEncoding = 4; lastKnownFileType = sourcecode.c.objc; path = MBProgressHUD.m; sourceTree = "<group>"; };
		2DD3D6E8180E3BD0001AE925 /* 37x-Checkmark.png */ = {isa = PBXFileReference; lastKnownFileType = image.png; path = "37x-Checkmark.png"; sourceTree = "<group>"; };
		2DD3D6EB180E612B001AE925 /* InterfaceImageView.h */ = {isa = PBXFileReference; fileEncoding = 4; lastKnownFileType = sourcecode.c.h; path = InterfaceImageView.h; sourceTree = "<group>"; };
		2DD3D6EC180E612B001AE925 /* InterfaceImageView.m */ = {isa = PBXFileReference; fileEncoding = 4; lastKnownFileType = sourcecode.c.objc; path = InterfaceImageView.m; sourceTree = "<group>"; };
		2DD3D6EF180E6287001AE925 /* PersonViewController.h */ = {isa = PBXFileReference; fileEncoding = 4; lastKnownFileType = sourcecode.c.h; path = PersonViewController.h; sourceTree = "<group>"; };
		2DD3D6F0180E6287001AE925 /* PersonViewController.m */ = {isa = PBXFileReference; fileEncoding = 4; lastKnownFileType = sourcecode.c.objc; path = PersonViewController.m; sourceTree = "<group>"; };
		2DD3D6F1180E6287001AE925 /* PersonViewController.xib */ = {isa = PBXFileReference; fileEncoding = 4; lastKnownFileType = file.xib; path = PersonViewController.xib; sourceTree = "<group>"; };
		2DD3D6F5180E7592001AE925 /* RTLabel.h */ = {isa = PBXFileReference; fileEncoding = 4; lastKnownFileType = sourcecode.c.h; path = RTLabel.h; sourceTree = "<group>"; };
		2DD3D6F6180E7592001AE925 /* RTLabel.m */ = {isa = PBXFileReference; fileEncoding = 4; lastKnownFileType = sourcecode.c.objc; path = RTLabel.m; sourceTree = "<group>"; };
		2DD3D6F8180E78D3001AE925 /* Icon-114.png */ = {isa = PBXFileReference; lastKnownFileType = image.png; path = "Icon-114.png"; sourceTree = "<group>"; };
		2DD3D6F9180E78D3001AE925 /* Icon.png */ = {isa = PBXFileReference; lastKnownFileType = image.png; path = Icon.png; sourceTree = "<group>"; };
/* End PBXFileReference section */

/* Begin PBXFrameworksBuildPhase section */
		2D224CD117F96EC800FC9B55 /* Frameworks */ = {
			isa = PBXFrameworksBuildPhase;
			buildActionMask = 2147483647;
			files = (
				2D224CDA17F96EC800FC9B55 /* CoreGraphics.framework in Frameworks */,
				2D224CDC17F96EC800FC9B55 /* UIKit.framework in Frameworks */,
				2D224CD817F96EC800FC9B55 /* Foundation.framework in Frameworks */,
			);
			runOnlyForDeploymentPostprocessing = 0;
		};
		2D224CEC17F96EC800FC9B55 /* Frameworks */ = {
			isa = PBXFrameworksBuildPhase;
			buildActionMask = 2147483647;
			files = (
				2D224CF117F96EC800FC9B55 /* XCTest.framework in Frameworks */,
				2D224CF317F96EC800FC9B55 /* UIKit.framework in Frameworks */,
				2D224CF217F96EC800FC9B55 /* Foundation.framework in Frameworks */,
			);
			runOnlyForDeploymentPostprocessing = 0;
		};
/* End PBXFrameworksBuildPhase section */

/* Begin PBXGroup section */
		2D224CCB17F96EC800FC9B55 = {
			isa = PBXGroup;
			children = (
				2D224CDD17F96EC800FC9B55 /* rubychina */,
				2D224CF617F96EC800FC9B55 /* rubychinaTests */,
				2D224CD617F96EC800FC9B55 /* Frameworks */,
				2D224CD517F96EC800FC9B55 /* Products */,
			);
			sourceTree = "<group>";
		};
		2D224CD517F96EC800FC9B55 /* Products */ = {
			isa = PBXGroup;
			children = (
				2D224CD417F96EC800FC9B55 /* rubychina.app */,
				2D224CEF17F96EC800FC9B55 /* rubychinaTests.xctest */,
			);
			name = Products;
			sourceTree = "<group>";
		};
		2D224CD617F96EC800FC9B55 /* Frameworks */ = {
			isa = PBXGroup;
			children = (
				2D224CD717F96EC800FC9B55 /* Foundation.framework */,
				2D224CD917F96EC800FC9B55 /* CoreGraphics.framework */,
				2D224CDB17F96EC800FC9B55 /* UIKit.framework */,
				2D224CF017F96EC800FC9B55 /* XCTest.framework */,
			);
			name = Frameworks;
			sourceTree = "<group>";
		};
		2D224CDD17F96EC800FC9B55 /* rubychina */ = {
			isa = PBXGroup;
			children = (
				2D224CE617F96EC800FC9B55 /* AppDelegate.h */,
				2D224CE717F96EC800FC9B55 /* AppDelegate.m */,
				2D224D0B17F96F8800FC9B55 /* CONSTS.h */,
				2D224D4D180673C000FC9B55 /* Controllers */,
				2D224D4C180673A100FC9B55 /* Models */,
				2D224D0E17F970B300FC9B55 /* Classes */,
				2DD3D6E0180E399A001AE925 /* BaseViews */,
				2DD3D6EA180E610E001AE925 /* CommonViews */,
				2D224D0C17F9708E00FC9B55 /* Resources */,
				2D224CE917F96EC800FC9B55 /* Images.xcassets */,
				2D224CDE17F96EC800FC9B55 /* Supporting Files */,
			);
			path = rubychina;
			sourceTree = "<group>";
		};
		2D224CDE17F96EC800FC9B55 /* Supporting Files */ = {
			isa = PBXGroup;
			children = (
				2DD3D6F8180E78D3001AE925 /* Icon-114.png */,
				2DD3D6F9180E78D3001AE925 /* Icon.png */,
				2D224CDF17F96EC800FC9B55 /* rubychina-Info.plist */,
				2D224CE017F96EC800FC9B55 /* InfoPlist.strings */,
				2D224CE317F96EC800FC9B55 /* main.m */,
				2D224CE517F96EC800FC9B55 /* rubychina-Prefix.pch */,
			);
			name = "Supporting Files";
			sourceTree = "<group>";
		};
		2D224CF617F96EC800FC9B55 /* rubychinaTests */ = {
			isa = PBXGroup;
			children = (
				2D224CFC17F96EC800FC9B55 /* rubychinaTests.m */,
				2D224CF717F96EC800FC9B55 /* Supporting Files */,
			);
			path = rubychinaTests;
			sourceTree = "<group>";
		};
		2D224CF717F96EC800FC9B55 /* Supporting Files */ = {
			isa = PBXGroup;
			children = (
				2D224CF817F96EC800FC9B55 /* rubychinaTests-Info.plist */,
				2D224CF917F96EC800FC9B55 /* InfoPlist.strings */,
			);
			name = "Supporting Files";
			sourceTree = "<group>";
		};
		2D224D0C17F9708E00FC9B55 /* Resources */ = {
			isa = PBXGroup;
			children = (
				2D224D0D17F9709400FC9B55 /* Images */,
			);
			name = Resources;
			path = ..;
			sourceTree = "<group>";
		};
		2D224D0D17F9709400FC9B55 /* Images */ = {
			isa = PBXGroup;
			children = (
			);
			name = Images;
			sourceTree = "<group>";
		};
		2D224D0E17F970B300FC9B55 /* Classes */ = {
			isa = PBXGroup;
			children = (
				2DD3D6F4180E7584001AE925 /* RTLabel */,
				2DD3D6E4180E3A90001AE925 /* MBProgressHUD */,
				2DD3D6D3180D3EBD001AE925 /* TPKeyboardAvoiding */,
				2D224DA51809179700FC9B55 /* SVPullToRefresh */,
				2D224DA21807EFF000FC9B55 /* UIUtils.h */,
				2D224DA31807EFF000FC9B55 /* UIUtils.m */,
				2D224D8F1806930100FC9B55 /* UIView+Additions.h */,
				2D224D901806930100FC9B55 /* UIView+Additions.m */,
				2D224D2F17F971A600FC9B55 /* UIViewExt.h */,
				2D224D3017F971A600FC9B55 /* UIViewExt.m */,
				2D224D2C17F9714E00FC9B55 /* AFAppDotNetAPIClient.h */,
				2D224D2D17F9714E00FC9B55 /* AFAppDotNetAPIClient.m */,
				2D224D5C18068C8400FC9B55 /* SDWebImage */,
				2D224D0F17F970E400FC9B55 /* AFNetworking */,
			);
			name = Classes;
			path = ..;
			sourceTree = "<group>";
		};
		2D224D0F17F970E400FC9B55 /* AFNetworking */ = {
			isa = PBXGroup;
			children = (
				2D224D1017F970E400FC9B55 /* AFHTTPClient.h */,
				2D224D1117F970E400FC9B55 /* AFHTTPClient.m */,
				2D224D1217F970E400FC9B55 /* AFHTTPRequestOperation.h */,
				2D224D1317F970E400FC9B55 /* AFHTTPRequestOperation.m */,
				2D224D1417F970E400FC9B55 /* AFImageRequestOperation.h */,
				2D224D1517F970E400FC9B55 /* AFImageRequestOperation.m */,
				2D224D1617F970E400FC9B55 /* AFJSONRequestOperation.h */,
				2D224D1717F970E400FC9B55 /* AFJSONRequestOperation.m */,
				2D224D1817F970E400FC9B55 /* AFNetworkActivityIndicatorManager.h */,
				2D224D1917F970E400FC9B55 /* AFNetworkActivityIndicatorManager.m */,
				2D224D1A17F970E400FC9B55 /* AFNetworking.h */,
				2D224D1B17F970E400FC9B55 /* AFPropertyListRequestOperation.h */,
				2D224D1C17F970E400FC9B55 /* AFPropertyListRequestOperation.m */,
				2D224D1D17F970E400FC9B55 /* AFURLConnectionOperation.h */,
				2D224D1E17F970E400FC9B55 /* AFURLConnectionOperation.m */,
				2D224D1F17F970E400FC9B55 /* AFXMLRequestOperation.h */,
				2D224D2017F970E400FC9B55 /* AFXMLRequestOperation.m */,
				2D224D2117F970E400FC9B55 /* UIImageView+AFNetworking.h */,
				2D224D2217F970E400FC9B55 /* UIImageView+AFNetworking.m */,
			);
			path = AFNetworking;
			sourceTree = "<group>";
		};
		2D224D4C180673A100FC9B55 /* Models */ = {
			isa = PBXGroup;
			children = (
				2D224D4E180673F500FC9B55 /* TopicModel.h */,
				2D224D4F180673F500FC9B55 /* TopicModel.m */,
				2D224D511806744F00FC9B55 /* UserModel.h */,
				2D224D521806744F00FC9B55 /* UserModel.m */,
				2D224D921806E52300FC9B55 /* ReplyModel.h */,
				2D224D931806E52300FC9B55 /* ReplyModel.m */,
				2D224DBF180CDA5B00FC9B55 /* NodeModel.h */,
				2D224DC0180CDA5B00FC9B55 /* NodeModel.m */,
			);
			name = Models;
			sourceTree = "<group>";
		};
		2D224D4D180673C000FC9B55 /* Controllers */ = {
			isa = PBXGroup;
			children = (
				2D224D881806908000FC9B55 /* Home */,
				2D224D8E180690EC00FC9B55 /* Topic */,
				2DD3D6EE180E6252001AE925 /* User */,
			);
			name = Controllers;
			sourceTree = "<group>";
		};
		2D224D5C18068C8400FC9B55 /* SDWebImage */ = {
			isa = PBXGroup;
			children = (
				2D224D5D18068C8400FC9B55 /* MKAnnotationView+WebCache.h */,
				2D224D5E18068C8400FC9B55 /* MKAnnotationView+WebCache.m */,
				2D224D5F18068C8400FC9B55 /* NSData+GIF.h */,
				2D224D6018068C8400FC9B55 /* NSData+GIF.m */,
				2D224D6118068C8400FC9B55 /* SDImageCache.h */,
				2D224D6218068C8400FC9B55 /* SDImageCache.m */,
				2D224D6318068C8400FC9B55 /* SDWebImageCompat.h */,
				2D224D6418068C8400FC9B55 /* SDWebImageCompat.m */,
				2D224D6518068C8400FC9B55 /* SDWebImageDecoder.h */,
				2D224D6618068C8400FC9B55 /* SDWebImageDecoder.m */,
				2D224D6718068C8400FC9B55 /* SDWebImageDownloader.h */,
				2D224D6818068C8400FC9B55 /* SDWebImageDownloader.m */,
				2D224D6918068C8400FC9B55 /* SDWebImageDownloaderOperation.h */,
				2D224D6A18068C8400FC9B55 /* SDWebImageDownloaderOperation.m */,
				2D224D6B18068C8400FC9B55 /* SDWebImageManager.h */,
				2D224D6C18068C8400FC9B55 /* SDWebImageManager.m */,
				2D224D6D18068C8400FC9B55 /* SDWebImageOperation.h */,
				2D224D6E18068C8400FC9B55 /* SDWebImagePrefetcher.h */,
				2D224D6F18068C8400FC9B55 /* SDWebImagePrefetcher.m */,
				2D224D7018068C8400FC9B55 /* UIButton+WebCache.h */,
				2D224D7118068C8400FC9B55 /* UIButton+WebCache.m */,
				2D224D7218068C8400FC9B55 /* UIImage+GIF.h */,
				2D224D7318068C8400FC9B55 /* UIImage+GIF.m */,
				2D224D7418068C8400FC9B55 /* UIImage+MultiFormat.h */,
				2D224D7518068C8400FC9B55 /* UIImage+MultiFormat.m */,
				2D224D7618068C8400FC9B55 /* UIImage+WebP.h */,
				2D224D7718068C8400FC9B55 /* UIImage+WebP.m */,
				2D224D7818068C8400FC9B55 /* UIImageView+WebCache.h */,
				2D224D7918068C8400FC9B55 /* UIImageView+WebCache.m */,
			);
			path = SDWebImage;
			sourceTree = "<group>";
		};
		2D224D881806908000FC9B55 /* Home */ = {
			isa = PBXGroup;
			children = (
				2D224D4718065B6F00FC9B55 /* HomeViewController.h */,
				2D224D4818065B6F00FC9B55 /* HomeViewController.m */,
				2D224D4918065B6F00FC9B55 /* HomeViewController.xib */,
				2D224D54180681AF00FC9B55 /* TopicTableView.h */,
				2D224D55180681AF00FC9B55 /* TopicTableView.m */,
				2D224D57180686F500FC9B55 /* TopicCell.h */,
				2D224D58180686F500FC9B55 /* TopicCell.m */,
				2D224D5A1806873A00FC9B55 /* TopicCell.xib */,
			);
			name = Home;
			sourceTree = "<group>";
		};
		2D224D8E180690EC00FC9B55 /* Topic */ = {
			isa = PBXGroup;
			children = (
				2D224D89180690DD00FC9B55 /* TopicViewController.h */,
				2D224D8A180690DD00FC9B55 /* TopicViewController.m */,
				2D224D8B180690DD00FC9B55 /* TopicViewController.xib */,
				2D224D9A1807E01200FC9B55 /* ReplyTableView.h */,
				2D224D9B1807E01200FC9B55 /* ReplyTableView.m */,
				2D224D9D1807E05A00FC9B55 /* ReplyCell.h */,
				2D224D9E1807E05A00FC9B55 /* ReplyCell.m */,
				2D224DA01807E07000FC9B55 /* ReplyCell.xib */,
				2D224D951806E80700FC9B55 /* TopicHeaderView.h */,
				2D224D961806E80700FC9B55 /* TopicHeaderView.m */,
				2D224D981806E82100FC9B55 /* TopicHeaderView.xib */,
				2D224DB0180BF30B00FC9B55 /* CommentView.h */,
				2D224DB1180BF30B00FC9B55 /* CommentView.m */,
				2D224DB3180BF31D00FC9B55 /* CommentView.xib */,
				2D224DB5180C3F4C00FC9B55 /* SendViewController.h */,
				2D224DB6180C3F4C00FC9B55 /* SendViewController.m */,
				2D224DB7180C3F4C00FC9B55 /* SendViewController.xib */,
				2D224DBA180C464E00FC9B55 /* NodeSelectViewController.h */,
				2D224DBB180C464E00FC9B55 /* NodeSelectViewController.m */,
				2D224DBC180C464E00FC9B55 /* NodeSelectViewController.xib */,
			);
			name = Topic;
			sourceTree = "<group>";
		};
		2D224DA51809179700FC9B55 /* SVPullToRefresh */ = {
			isa = PBXGroup;
			children = (
				2D224DAD180BC77000FC9B55 /* WXHLGlobalUICommon.h */,
				2D224DAE180BC77000FC9B55 /* WXHLGlobalUICommon.m */,
				2D224DA61809179700FC9B55 /* SVPullToRefresh.h */,
				2D224DA71809179700FC9B55 /* UIScrollView+SVInfiniteScrolling.h */,
				2D224DA81809179700FC9B55 /* UIScrollView+SVInfiniteScrolling.m */,
				2D224DA91809179700FC9B55 /* UIScrollView+SVPullToRefresh.h */,
				2D224DAA1809179700FC9B55 /* UIScrollView+SVPullToRefresh.m */,
			);
			path = SVPullToRefresh;
			sourceTree = "<group>";
		};
		2DD3D6D3180D3EBD001AE925 /* TPKeyboardAvoiding */ = {
			isa = PBXGroup;
			children = (
				2DD3D6D4180D3EBD001AE925 /* TPKeyboardAvoidingCollectionView.h */,
				2DD3D6D5180D3EBD001AE925 /* TPKeyboardAvoidingCollectionView.m */,
				2DD3D6D6180D3EBD001AE925 /* TPKeyboardAvoidingScrollView.h */,
				2DD3D6D7180D3EBD001AE925 /* TPKeyboardAvoidingScrollView.m */,
				2DD3D6D8180D3EBD001AE925 /* TPKeyboardAvoidingTableView.h */,
				2DD3D6D9180D3EBD001AE925 /* TPKeyboardAvoidingTableView.m */,
				2DD3D6DA180D3EBD001AE925 /* UIScrollView+TPKeyboardAvoidingAdditions.h */,
				2DD3D6DB180D3EBD001AE925 /* UIScrollView+TPKeyboardAvoidingAdditions.m */,
			);
			path = TPKeyboardAvoiding;
			sourceTree = "<group>";
		};
		2DD3D6E0180E399A001AE925 /* BaseViews */ = {
			isa = PBXGroup;
			children = (
				2DD3D6E1180E39B7001AE925 /* BaseViewController.h */,
				2DD3D6E2180E39B7001AE925 /* BaseViewController.m */,
			);
			name = BaseViews;
			sourceTree = "<group>";
		};
		2DD3D6E4180E3A90001AE925 /* MBProgressHUD */ = {
			isa = PBXGroup;
			children = (
				2DD3D6E8180E3BD0001AE925 /* 37x-Checkmark.png */,
				2DD3D6E5180E3AD7001AE925 /* MBProgressHUD.h */,
				2DD3D6E6180E3AD7001AE925 /* MBProgressHUD.m */,
			);
			name = MBProgressHUD;
			sourceTree = "<group>";
		};
		2DD3D6EA180E610E001AE925 /* CommonViews */ = {
			isa = PBXGroup;
			children = (
				2DD3D6EB180E612B001AE925 /* InterfaceImageView.h */,
				2DD3D6EC180E612B001AE925 /* InterfaceImageView.m */,
			);
			name = CommonViews;
			sourceTree = "<group>";
		};
		2DD3D6EE180E6252001AE925 /* User */ = {
			isa = PBXGroup;
			children = (
				2DD3D6EF180E6287001AE925 /* PersonViewController.h */,
				2DD3D6F0180E6287001AE925 /* PersonViewController.m */,
				2DD3D6F1180E6287001AE925 /* PersonViewController.xib */,
			);
			name = User;
			sourceTree = "<group>";
		};
		2DD3D6F4180E7584001AE925 /* RTLabel */ = {
			isa = PBXGroup;
			children = (
				2DD3D6F5180E7592001AE925 /* RTLabel.h */,
				2DD3D6F6180E7592001AE925 /* RTLabel.m */,
			);
			name = RTLabel;
			sourceTree = "<group>";
		};
/* End PBXGroup section */

/* Begin PBXNativeTarget section */
		2D224CD317F96EC800FC9B55 /* rubychina */ = {
			isa = PBXNativeTarget;
			buildConfigurationList = 2D224D0017F96EC800FC9B55 /* Build configuration list for PBXNativeTarget "rubychina" */;
			buildPhases = (
				2D224CD017F96EC800FC9B55 /* Sources */,
				2D224CD117F96EC800FC9B55 /* Frameworks */,
				2D224CD217F96EC800FC9B55 /* Resources */,
			);
			buildRules = (
			);
			dependencies = (
			);
			name = rubychina;
			productName = rubychina;
			productReference = 2D224CD417F96EC800FC9B55 /* rubychina.app */;
			productType = "com.apple.product-type.application";
		};
		2D224CEE17F96EC800FC9B55 /* rubychinaTests */ = {
			isa = PBXNativeTarget;
			buildConfigurationList = 2D224D0317F96EC800FC9B55 /* Build configuration list for PBXNativeTarget "rubychinaTests" */;
			buildPhases = (
				2D224CEB17F96EC800FC9B55 /* Sources */,
				2D224CEC17F96EC800FC9B55 /* Frameworks */,
				2D224CED17F96EC800FC9B55 /* Resources */,
			);
			buildRules = (
			);
			dependencies = (
				2D224CF517F96EC800FC9B55 /* PBXTargetDependency */,
			);
			name = rubychinaTests;
			productName = rubychinaTests;
			productReference = 2D224CEF17F96EC800FC9B55 /* rubychinaTests.xctest */;
			productType = "com.apple.product-type.bundle.unit-test";
		};
/* End PBXNativeTarget section */

/* Begin PBXProject section */
		2D224CCC17F96EC800FC9B55 /* Project object */ = {
			isa = PBXProject;
			attributes = {
				LastUpgradeCheck = 0500;
				ORGANIZATIONNAME = "张 启迪";
				TargetAttributes = {
					2D224CEE17F96EC800FC9B55 = {
						TestTargetID = 2D224CD317F96EC800FC9B55;
					};
				};
			};
			buildConfigurationList = 2D224CCF17F96EC800FC9B55 /* Build configuration list for PBXProject "rubychina" */;
			compatibilityVersion = "Xcode 3.2";
			developmentRegion = English;
			hasScannedForEncodings = 0;
			knownRegions = (
				en,
			);
			mainGroup = 2D224CCB17F96EC800FC9B55;
			productRefGroup = 2D224CD517F96EC800FC9B55 /* Products */;
			projectDirPath = "";
			projectRoot = "";
			targets = (
				2D224CD317F96EC800FC9B55 /* rubychina */,
				2D224CEE17F96EC800FC9B55 /* rubychinaTests */,
			);
		};
/* End PBXProject section */

/* Begin PBXResourcesBuildPhase section */
		2D224CD217F96EC800FC9B55 /* Resources */ = {
			isa = PBXResourcesBuildPhase;
			buildActionMask = 2147483647;
			files = (
				2D224CE217F96EC800FC9B55 /* InfoPlist.strings in Resources */,
				2DD3D6F3180E6287001AE925 /* PersonViewController.xib in Resources */,
				2DD3D6FA180E78D3001AE925 /* Icon-114.png in Resources */,
				2DD3D6E9180E3BD0001AE925 /* 37x-Checkmark.png in Resources */,
				2D224DA11807E07000FC9B55 /* ReplyCell.xib in Resources */,
				2D224D5B1806873A00FC9B55 /* TopicCell.xib in Resources */,
				2D224CEA17F96EC800FC9B55 /* Images.xcassets in Resources */,
				2D224D991806E82100FC9B55 /* TopicHeaderView.xib in Resources */,
				2D224D8D180690DD00FC9B55 /* TopicViewController.xib in Resources */,
				2D224DB4180BF31D00FC9B55 /* CommentView.xib in Resources */,
				2D224D4B18065B6F00FC9B55 /* HomeViewController.xib in Resources */,
				2D224DBE180C464E00FC9B55 /* NodeSelectViewController.xib in Resources */,
				2DD3D6FB180E78D3001AE925 /* Icon.png in Resources */,
				2D224DB9180C3F4C00FC9B55 /* SendViewController.xib in Resources */,
			);
			runOnlyForDeploymentPostprocessing = 0;
		};
		2D224CED17F96EC800FC9B55 /* Resources */ = {
			isa = PBXResourcesBuildPhase;
			buildActionMask = 2147483647;
			files = (
				2D224CFB17F96EC800FC9B55 /* InfoPlist.strings in Resources */,
			);
			runOnlyForDeploymentPostprocessing = 0;
		};
/* End PBXResourcesBuildPhase section */

/* Begin PBXSourcesBuildPhase section */
		2D224CD017F96EC800FC9B55 /* Sources */ = {
			isa = PBXSourcesBuildPhase;
			buildActionMask = 2147483647;
			files = (
				2D224DAC1809179700FC9B55 /* UIScrollView+SVPullToRefresh.m in Sources */,
				2D224D911806930100FC9B55 /* UIView+Additions.m in Sources */,
				2D224D56180681AF00FC9B55 /* TopicTableView.m in Sources */,
				2D224D3117F971A600FC9B55 /* UIViewExt.m in Sources */,
				2D224DC1180CDA5B00FC9B55 /* NodeModel.m in Sources */,
				2D224D2517F970E400FC9B55 /* AFImageRequestOperation.m in Sources */,
				2D224DAB1809179700FC9B55 /* UIScrollView+SVInfiniteScrolling.m in Sources */,
				2DD3D6E3180E39B7001AE925 /* BaseViewController.m in Sources */,
				2D224CE817F96EC800FC9B55 /* AppDelegate.m in Sources */,
				2D224D941806E52300FC9B55 /* ReplyModel.m in Sources */,
				2DD3D6DE180D3EBD001AE925 /* TPKeyboardAvoidingTableView.m in Sources */,
				2DD3D6DD180D3EBD001AE925 /* TPKeyboardAvoidingScrollView.m in Sources */,
				2D224D2817F970E400FC9B55 /* AFPropertyListRequestOperation.m in Sources */,
				2D224D8118068C8400FC9B55 /* SDWebImageManager.m in Sources */,
				2D224D9F1807E05A00FC9B55 /* ReplyCell.m in Sources */,
				2D224D7E18068C8400FC9B55 /* SDWebImageDecoder.m in Sources */,
				2D224CE417F96EC800FC9B55 /* main.m in Sources */,
				2D224D50180673F500FC9B55 /* TopicModel.m in Sources */,
				2D224D8218068C8400FC9B55 /* SDWebImagePrefetcher.m in Sources */,
				2D224D8718068C8400FC9B55 /* UIImageView+WebCache.m in Sources */,
				2D224D59180686F500FC9B55 /* TopicCell.m in Sources */,
				2D224D9C1807E01200FC9B55 /* ReplyTableView.m in Sources */,
				2D224D531806744F00FC9B55 /* UserModel.m in Sources */,
				2D224D4A18065B6F00FC9B55 /* HomeViewController.m in Sources */,
				2D224D8418068C8400FC9B55 /* UIImage+GIF.m in Sources */,
				2DD3D6DC180D3EBD001AE925 /* TPKeyboardAvoidingCollectionView.m in Sources */,
				2D224D8618068C8400FC9B55 /* UIImage+WebP.m in Sources */,
				2DD3D6F2180E6287001AE925 /* PersonViewController.m in Sources */,
				2D224D2917F970E400FC9B55 /* AFURLConnectionOperation.m in Sources */,
				2D224D7D18068C8400FC9B55 /* SDWebImageCompat.m in Sources */,
				2D224DB2180BF30B00FC9B55 /* CommentView.m in Sources */,
				2DD3D6DF180D3EBD001AE925 /* UIScrollView+TPKeyboardAvoidingAdditions.m in Sources */,
				2D224D2A17F970E400FC9B55 /* AFXMLRequestOperation.m in Sources */,
				2D224DBD180C464E00FC9B55 /* NodeSelectViewController.m in Sources */,
				2D224DA41807EFF000FC9B55 /* UIUtils.m in Sources */,
				2D224D2617F970E400FC9B55 /* AFJSONRequestOperation.m in Sources */,
				2DD3D6E7180E3AD7001AE925 /* MBProgressHUD.m in Sources */,
				2D224D7C18068C8400FC9B55 /* SDImageCache.m in Sources */,
				2D224D7F18068C8400FC9B55 /* SDWebImageDownloader.m in Sources */,
				2D224D2B17F970E400FC9B55 /* UIImageView+AFNetworking.m in Sources */,
				2DD3D6F7180E7592001AE925 /* RTLabel.m in Sources */,
				2D224D8C180690DD00FC9B55 /* TopicViewController.m in Sources */,
				2D224DB8180C3F4C00FC9B55 /* SendViewController.m in Sources */,
				2D224D2717F970E400FC9B55 /* AFNetworkActivityIndicatorManager.m in Sources */,
				2D224DAF180BC77000FC9B55 /* WXHLGlobalUICommon.m in Sources */,
				2DD3D6ED180E612B001AE925 /* InterfaceImageView.m in Sources */,
				2D224D8518068C8400FC9B55 /* UIImage+MultiFormat.m in Sources */,
				2D224D8318068C8400FC9B55 /* UIButton+WebCache.m in Sources */,
				2D224D7B18068C8400FC9B55 /* NSData+GIF.m in Sources */,
				2D224D7A18068C8400FC9B55 /* MKAnnotationView+WebCache.m in Sources */,
				2D224D971806E80700FC9B55 /* TopicHeaderView.m in Sources */,
				2D224D8018068C8400FC9B55 /* SDWebImageDownloaderOperation.m in Sources */,
				2D224D2417F970E400FC9B55 /* AFHTTPRequestOperation.m in Sources */,
				2D224D2317F970E400FC9B55 /* AFHTTPClient.m in Sources */,
				2D224D2E17F9714E00FC9B55 /* AFAppDotNetAPIClient.m in Sources */,
			);
			runOnlyForDeploymentPostprocessing = 0;
		};
		2D224CEB17F96EC800FC9B55 /* Sources */ = {
			isa = PBXSourcesBuildPhase;
			buildActionMask = 2147483647;
			files = (
				2D224CFD17F96EC800FC9B55 /* rubychinaTests.m in Sources */,
			);
			runOnlyForDeploymentPostprocessing = 0;
		};
/* End PBXSourcesBuildPhase section */

/* Begin PBXTargetDependency section */
		2D224CF517F96EC800FC9B55 /* PBXTargetDependency */ = {
			isa = PBXTargetDependency;
			target = 2D224CD317F96EC800FC9B55 /* rubychina */;
			targetProxy = 2D224CF417F96EC800FC9B55 /* PBXContainerItemProxy */;
		};
/* End PBXTargetDependency section */

/* Begin PBXVariantGroup section */
		2D224CE017F96EC800FC9B55 /* InfoPlist.strings */ = {
			isa = PBXVariantGroup;
			children = (
				2D224CE117F96EC800FC9B55 /* en */,
			);
			name = InfoPlist.strings;
			sourceTree = "<group>";
		};
		2D224CF917F96EC800FC9B55 /* InfoPlist.strings */ = {
			isa = PBXVariantGroup;
			children = (
				2D224CFA17F96EC800FC9B55 /* en */,
			);
			name = InfoPlist.strings;
			sourceTree = "<group>";
		};
/* End PBXVariantGroup section */

/* Begin XCBuildConfiguration section */
		2D224CFE17F96EC800FC9B55 /* Debug */ = {
			isa = XCBuildConfiguration;
			buildSettings = {
				ALWAYS_SEARCH_USER_PATHS = NO;
				ARCHS = "$(ARCHS_STANDARD_INCLUDING_64_BIT)";
				CLANG_CXX_LANGUAGE_STANDARD = "gnu++0x";
				CLANG_CXX_LIBRARY = "libc++";
				CLANG_ENABLE_MODULES = YES;
				CLANG_ENABLE_OBJC_ARC = YES;
				CLANG_WARN_BOOL_CONVERSION = YES;
				CLANG_WARN_CONSTANT_CONVERSION = YES;
				CLANG_WARN_DIRECT_OBJC_ISA_USAGE = YES_ERROR;
				CLANG_WARN_EMPTY_BODY = YES;
				CLANG_WARN_ENUM_CONVERSION = YES;
				CLANG_WARN_INT_CONVERSION = YES;
				CLANG_WARN_OBJC_ROOT_CLASS = YES_ERROR;
				CLANG_WARN__DUPLICATE_METHOD_MATCH = YES;
				"CODE_SIGN_IDENTITY[sdk=iphoneos*]" = "iPhone Developer";
				COPY_PHASE_STRIP = NO;
				GCC_C_LANGUAGE_STANDARD = gnu99;
				GCC_DYNAMIC_NO_PIC = NO;
				GCC_OPTIMIZATION_LEVEL = 0;
				GCC_PREPROCESSOR_DEFINITIONS = (
					"DEBUG=1",
					"$(inherited)",
				);
				GCC_SYMBOLS_PRIVATE_EXTERN = NO;
				GCC_WARN_64_TO_32_BIT_CONVERSION = YES;
				GCC_WARN_ABOUT_RETURN_TYPE = YES_ERROR;
				GCC_WARN_UNDECLARED_SELECTOR = YES;
				GCC_WARN_UNINITIALIZED_AUTOS = YES;
				GCC_WARN_UNUSED_FUNCTION = YES;
				GCC_WARN_UNUSED_VARIABLE = YES;
				IPHONEOS_DEPLOYMENT_TARGET = 7.0;
				ONLY_ACTIVE_ARCH = YES;
				SDKROOT = iphoneos;
			};
			name = Debug;
		};
		2D224CFF17F96EC800FC9B55 /* Release */ = {
			isa = XCBuildConfiguration;
			buildSettings = {
				ALWAYS_SEARCH_USER_PATHS = NO;
				ARCHS = "$(ARCHS_STANDARD_INCLUDING_64_BIT)";
				CLANG_CXX_LANGUAGE_STANDARD = "gnu++0x";
				CLANG_CXX_LIBRARY = "libc++";
				CLANG_ENABLE_MODULES = YES;
				CLANG_ENABLE_OBJC_ARC = YES;
				CLANG_WARN_BOOL_CONVERSION = YES;
				CLANG_WARN_CONSTANT_CONVERSION = YES;
				CLANG_WARN_DIRECT_OBJC_ISA_USAGE = YES_ERROR;
				CLANG_WARN_EMPTY_BODY = YES;
				CLANG_WARN_ENUM_CONVERSION = YES;
				CLANG_WARN_INT_CONVERSION = YES;
				CLANG_WARN_OBJC_ROOT_CLASS = YES_ERROR;
				CLANG_WARN__DUPLICATE_METHOD_MATCH = YES;
				"CODE_SIGN_IDENTITY[sdk=iphoneos*]" = "iPhone Developer";
				COPY_PHASE_STRIP = YES;
				ENABLE_NS_ASSERTIONS = NO;
				GCC_C_LANGUAGE_STANDARD = gnu99;
				GCC_WARN_64_TO_32_BIT_CONVERSION = YES;
				GCC_WARN_ABOUT_RETURN_TYPE = YES_ERROR;
				GCC_WARN_UNDECLARED_SELECTOR = YES;
				GCC_WARN_UNINITIALIZED_AUTOS = YES;
				GCC_WARN_UNUSED_FUNCTION = YES;
				GCC_WARN_UNUSED_VARIABLE = YES;
				IPHONEOS_DEPLOYMENT_TARGET = 7.0;
				SDKROOT = iphoneos;
				VALIDATE_PRODUCT = YES;
			};
			name = Release;
		};
		2D224D0117F96EC800FC9B55 /* Debug */ = {
			isa = XCBuildConfiguration;
			buildSettings = {
				ASSETCATALOG_COMPILER_APPICON_NAME = AppIcon;
				ASSETCATALOG_COMPILER_LAUNCHIMAGE_NAME = LaunchImage;
				GCC_PRECOMPILE_PREFIX_HEADER = YES;
				GCC_PREFIX_HEADER = "rubychina/rubychina-Prefix.pch";
				INFOPLIST_FILE = "rubychina/rubychina-Info.plist";
				PRODUCT_NAME = "$(TARGET_NAME)";
				WRAPPER_EXTENSION = app;
			};
			name = Debug;
		};
		2D224D0217F96EC800FC9B55 /* Release */ = {
			isa = XCBuildConfiguration;
			buildSettings = {
				ASSETCATALOG_COMPILER_APPICON_NAME = AppIcon;
				ASSETCATALOG_COMPILER_LAUNCHIMAGE_NAME = LaunchImage;
				GCC_PRECOMPILE_PREFIX_HEADER = YES;
				GCC_PREFIX_HEADER = "rubychina/rubychina-Prefix.pch";
				INFOPLIST_FILE = "rubychina/rubychina-Info.plist";
				PRODUCT_NAME = "$(TARGET_NAME)";
				WRAPPER_EXTENSION = app;
			};
			name = Release;
		};
		2D224D0417F96EC800FC9B55 /* Debug */ = {
			isa = XCBuildConfiguration;
			buildSettings = {
				ARCHS = "$(ARCHS_STANDARD_INCLUDING_64_BIT)";
				BUNDLE_LOADER = "$(BUILT_PRODUCTS_DIR)/rubychina.app/rubychina";
				FRAMEWORK_SEARCH_PATHS = (
					"$(SDKROOT)/Developer/Library/Frameworks",
					"$(inherited)",
					"$(DEVELOPER_FRAMEWORKS_DIR)",
				);
				GCC_PRECOMPILE_PREFIX_HEADER = YES;
				GCC_PREFIX_HEADER = "rubychina/rubychina-Prefix.pch";
				GCC_PREPROCESSOR_DEFINITIONS = (
					"DEBUG=1",
					"$(inherited)",
				);
				INFOPLIST_FILE = "rubychinaTests/rubychinaTests-Info.plist";
				PRODUCT_NAME = "$(TARGET_NAME)";
				TEST_HOST = "$(BUNDLE_LOADER)";
				WRAPPER_EXTENSION = xctest;
			};
			name = Debug;
		};
		2D224D0517F96EC800FC9B55 /* Release */ = {
			isa = XCBuildConfiguration;
			buildSettings = {
				ARCHS = "$(ARCHS_STANDARD_INCLUDING_64_BIT)";
				BUNDLE_LOADER = "$(BUILT_PRODUCTS_DIR)/rubychina.app/rubychina";
				FRAMEWORK_SEARCH_PATHS = (
					"$(SDKROOT)/Developer/Library/Frameworks",
					"$(inherited)",
					"$(DEVELOPER_FRAMEWORKS_DIR)",
				);
				GCC_PRECOMPILE_PREFIX_HEADER = YES;
				GCC_PREFIX_HEADER = "rubychina/rubychina-Prefix.pch";
				INFOPLIST_FILE = "rubychinaTests/rubychinaTests-Info.plist";
				PRODUCT_NAME = "$(TARGET_NAME)";
				TEST_HOST = "$(BUNDLE_LOADER)";
				WRAPPER_EXTENSION = xctest;
			};
			name = Release;
		};
/* End XCBuildConfiguration section */

/* Begin XCConfigurationList section */
		2D224CCF17F96EC800FC9B55 /* Build configuration list for PBXProject "rubychina" */ = {
			isa = XCConfigurationList;
			buildConfigurations = (
				2D224CFE17F96EC800FC9B55 /* Debug */,
				2D224CFF17F96EC800FC9B55 /* Release */,
			);
			defaultConfigurationIsVisible = 0;
			defaultConfigurationName = Release;
		};
		2D224D0017F96EC800FC9B55 /* Build configuration list for PBXNativeTarget "rubychina" */ = {
			isa = XCConfigurationList;
			buildConfigurations = (
				2D224D0117F96EC800FC9B55 /* Debug */,
				2D224D0217F96EC800FC9B55 /* Release */,
			);
			defaultConfigurationIsVisible = 0;
			defaultConfigurationName = Release;
		};
		2D224D0317F96EC800FC9B55 /* Build configuration list for PBXNativeTarget "rubychinaTests" */ = {
			isa = XCConfigurationList;
			buildConfigurations = (
				2D224D0417F96EC800FC9B55 /* Debug */,
				2D224D0517F96EC800FC9B55 /* Release */,
			);
			defaultConfigurationIsVisible = 0;
			defaultConfigurationName = Release;
		};
/* End XCConfigurationList section */
	};
	rootObject = 2D224CCC17F96EC800FC9B55 /* Project object */;
}
